// !$*UTF8*$!
{
	archiveVersion = 1;
	classes = {
	};
	objectVersion = 56;
	objects = {

/* Begin PBXBuildFile section */
		A414CDA22AECCB1700182C40 /* ItemListViewController.swift in Sources */ = {isa = PBXBuildFile; fileRef = A414CDA12AECCB1700182C40 /* ItemListViewController.swift */; };
		A414CDA52AECCF6700182C40 /* SnapKit in Frameworks */ = {isa = PBXBuildFile; productRef = A414CDA42AECCF6700182C40 /* SnapKit */; };
		A414CDA82AECD01200182C40 /* Then in Frameworks */ = {isa = PBXBuildFile; productRef = A414CDA72AECD01200182C40 /* Then */; };
		A414CDAA2AECD98C00182C40 /* ItemListTableViewCell.swift in Sources */ = {isa = PBXBuildFile; fileRef = A414CDA92AECD98C00182C40 /* ItemListTableViewCell.swift */; };
		A414CDAC2AECE14700182C40 /* ItemListData.swift in Sources */ = {isa = PBXBuildFile; fileRef = A414CDAB2AECE14700182C40 /* ItemListData.swift */; };
		A414CDB02AECEF7800182C40 /* ImageViewController.swift in Sources */ = {isa = PBXBuildFile; fileRef = A414CDAF2AECEF7800182C40 /* ImageViewController.swift */; };
		A414CDB22AECEFEC00182C40 /* ImageCollectionViewCell.swift in Sources */ = {isa = PBXBuildFile; fileRef = A414CDB12AECEFEC00182C40 /* ImageCollectionViewCell.swift */; };
		A414CDB42AECF24800182C40 /* ImageCollectionData.swift in Sources */ = {isa = PBXBuildFile; fileRef = A414CDB32AECF24800182C40 /* ImageCollectionData.swift */; };
		A4BC6FC52AD12A5F00E54675 /* AppDelegate.swift in Sources */ = {isa = PBXBuildFile; fileRef = A4BC6FC42AD12A5F00E54675 /* AppDelegate.swift */; };
		A4BC6FC72AD12A5F00E54675 /* SceneDelegate.swift in Sources */ = {isa = PBXBuildFile; fileRef = A4BC6FC62AD12A5F00E54675 /* SceneDelegate.swift */; };
		A4BC6FCC2AD12A5F00E54675 /* Main.storyboard in Resources */ = {isa = PBXBuildFile; fileRef = A4BC6FCA2AD12A5F00E54675 /* Main.storyboard */; };
		A4BC6FCE2AD12A6100E54675 /* Assets.xcassets in Resources */ = {isa = PBXBuildFile; fileRef = A4BC6FCD2AD12A6100E54675 /* Assets.xcassets */; };
		A4BC6FD12AD12A6100E54675 /* LaunchScreen.storyboard in Resources */ = {isa = PBXBuildFile; fileRef = A4BC6FCF2AD12A6100E54675 /* LaunchScreen.storyboard */; };
		A4BC6FDC2AD135F600E54675 /* ResultViewController.swift in Sources */ = {isa = PBXBuildFile; fileRef = A4BC6FDB2AD135F600E54675 /* ResultViewController.swift */; };
		A4BC6FE02AD1389B00E54675 /* FirstViewController.swift in Sources */ = {isa = PBXBuildFile; fileRef = A4BC6FDF2AD1389B00E54675 /* FirstViewController.swift */; };
		A4BC6FE22AD1411B00E54675 /* GetDataProtocol.swift in Sources */ = {isa = PBXBuildFile; fileRef = A4BC6FE12AD1411B00E54675 /* GetDataProtocol.swift */; };
/* End PBXBuildFile section */

/* Begin PBXFileReference section */
		A414CDA12AECCB1700182C40 /* ItemListViewController.swift */ = {isa = PBXFileReference; lastKnownFileType = sourcecode.swift; path = ItemListViewController.swift; sourceTree = "<group>"; };
		A414CDA92AECD98C00182C40 /* ItemListTableViewCell.swift */ = {isa = PBXFileReference; lastKnownFileType = sourcecode.swift; path = ItemListTableViewCell.swift; sourceTree = "<group>"; };
		A414CDAB2AECE14700182C40 /* ItemListData.swift */ = {isa = PBXFileReference; lastKnownFileType = sourcecode.swift; path = ItemListData.swift; sourceTree = "<group>"; };
		A414CDAF2AECEF7800182C40 /* ImageViewController.swift */ = {isa = PBXFileReference; lastKnownFileType = sourcecode.swift; path = ImageViewController.swift; sourceTree = "<group>"; };
		A414CDB12AECEFEC00182C40 /* ImageCollectionViewCell.swift */ = {isa = PBXFileReference; lastKnownFileType = sourcecode.swift; path = ImageCollectionViewCell.swift; sourceTree = "<group>"; };
		A414CDB32AECF24800182C40 /* ImageCollectionData.swift */ = {isa = PBXFileReference; lastKnownFileType = sourcecode.swift; path = ImageCollectionData.swift; sourceTree = "<group>"; };
		A4BC6FC12AD12A5F00E54675 /* Seminar.app */ = {isa = PBXFileReference; explicitFileType = wrapper.application; includeInIndex = 0; path = Seminar.app; sourceTree = BUILT_PRODUCTS_DIR; };
		A4BC6FC42AD12A5F00E54675 /* AppDelegate.swift */ = {isa = PBXFileReference; lastKnownFileType = sourcecode.swift; path = AppDelegate.swift; sourceTree = "<group>"; };
		A4BC6FC62AD12A5F00E54675 /* SceneDelegate.swift */ = {isa = PBXFileReference; lastKnownFileType = sourcecode.swift; path = SceneDelegate.swift; sourceTree = "<group>"; };
		A4BC6FCB2AD12A5F00E54675 /* Base */ = {isa = PBXFileReference; lastKnownFileType = file.storyboard; name = Base; path = Base.lproj/Main.storyboard; sourceTree = "<group>"; };
		A4BC6FCD2AD12A6100E54675 /* Assets.xcassets */ = {isa = PBXFileReference; lastKnownFileType = folder.assetcatalog; path = Assets.xcassets; sourceTree = "<group>"; };
		A4BC6FD02AD12A6100E54675 /* Base */ = {isa = PBXFileReference; lastKnownFileType = file.storyboard; name = Base; path = Base.lproj/LaunchScreen.storyboard; sourceTree = "<group>"; };
		A4BC6FD22AD12A6100E54675 /* Info.plist */ = {isa = PBXFileReference; lastKnownFileType = text.plist.xml; path = Info.plist; sourceTree = "<group>"; };
		A4BC6FDB2AD135F600E54675 /* ResultViewController.swift */ = {isa = PBXFileReference; lastKnownFileType = sourcecode.swift; path = ResultViewController.swift; sourceTree = "<group>"; };
		A4BC6FDF2AD1389B00E54675 /* FirstViewController.swift */ = {isa = PBXFileReference; lastKnownFileType = sourcecode.swift; path = FirstViewController.swift; sourceTree = "<group>"; };
		A4BC6FE12AD1411B00E54675 /* GetDataProtocol.swift */ = {isa = PBXFileReference; lastKnownFileType = sourcecode.swift; path = GetDataProtocol.swift; sourceTree = "<group>"; };
/* End PBXFileReference section */

/* Begin PBXFrameworksBuildPhase section */
		A4BC6FBE2AD12A5F00E54675 /* Frameworks */ = {
			isa = PBXFrameworksBuildPhase;
			buildActionMask = 2147483647;
			files = (
				A414CDA52AECCF6700182C40 /* SnapKit in Frameworks */,
				A414CDA82AECD01200182C40 /* Then in Frameworks */,
			);
			runOnlyForDeploymentPostprocessing = 0;
		};
/* End PBXFrameworksBuildPhase section */

/* Begin PBXGroup section */
		A414CD942AECC78400182C40 /* Seminar3 */ = {
			isa = PBXGroup;
			children = (
				A414CDAD2AECEF0200182C40 /* ItemList */,
				A414CDAE2AECEF0B00182C40 /* ImageCollection */,
			);
			path = Seminar3;
			sourceTree = "<group>";
		};
		A414CDAD2AECEF0200182C40 /* ItemList */ = {
			isa = PBXGroup;
			children = (
				A414CDAB2AECE14700182C40 /* ItemListData.swift */,
				A414CDA92AECD98C00182C40 /* ItemListTableViewCell.swift */,
				A414CDA12AECCB1700182C40 /* ItemListViewController.swift */,
			);
			path = ItemList;
			sourceTree = "<group>";
		};
		A414CDAE2AECEF0B00182C40 /* ImageCollection */ = {
			isa = PBXGroup;
			children = (
				A414CDB32AECF24800182C40 /* ImageCollectionData.swift */,
				A414CDB12AECEFEC00182C40 /* ImageCollectionViewCell.swift */,
				A414CDAF2AECEF7800182C40 /* ImageViewController.swift */,
			);
			path = ImageCollection;
			sourceTree = "<group>";
		};
		A4BC6FB82AD12A5F00E54675 = {
			isa = PBXGroup;
			children = (
				A4BC6FC32AD12A5F00E54675 /* Seminar */,
				A4BC6FC22AD12A5F00E54675 /* Products */,
			);
			sourceTree = "<group>";
		};
		A4BC6FC22AD12A5F00E54675 /* Products */ = {
			isa = PBXGroup;
			children = (
				A4BC6FC12AD12A5F00E54675 /* Seminar.app */,
			);
			name = Products;
			sourceTree = "<group>";
		};
		A4BC6FC32AD12A5F00E54675 /* Seminar */ = {
			isa = PBXGroup;
			children = (
				A4BC6FD82AD12B4700E54675 /* Application */,
				A4BC6FD92AD12B5200E54675 /* Global */,
				A4BC6FE32AD44BBB00E54675 /* Seminar1 */,
				A414CD942AECC78400182C40 /* Seminar3 */,
				A4BC6FD22AD12A6100E54675 /* Info.plist */,
			);
			path = Seminar;
			sourceTree = "<group>";
		};
		A4BC6FD82AD12B4700E54675 /* Application */ = {
			isa = PBXGroup;
			children = (
				A4BC6FC42AD12A5F00E54675 /* AppDelegate.swift */,
				A4BC6FC62AD12A5F00E54675 /* SceneDelegate.swift */,
			);
			path = Application;
			sourceTree = "<group>";
		};
		A4BC6FD92AD12B5200E54675 /* Global */ = {
			isa = PBXGroup;
			children = (
				A4BC6FCA2AD12A5F00E54675 /* Main.storyboard */,
				A4BC6FCD2AD12A6100E54675 /* Assets.xcassets */,
				A4BC6FCF2AD12A6100E54675 /* LaunchScreen.storyboard */,
			);
			path = Global;
			sourceTree = "<group>";
		};
		A4BC6FE32AD44BBB00E54675 /* Seminar1 */ = {
			isa = PBXGroup;
			children = (
				A4BC6FDB2AD135F600E54675 /* ResultViewController.swift */,
				A4BC6FDF2AD1389B00E54675 /* FirstViewController.swift */,
				A4BC6FE12AD1411B00E54675 /* GetDataProtocol.swift */,
			);
			path = Seminar1;
			sourceTree = "<group>";
		};
/* End PBXGroup section */

/* Begin PBXNativeTarget section */
		A4BC6FC02AD12A5F00E54675 /* Seminar */ = {
			isa = PBXNativeTarget;
			buildConfigurationList = A4BC6FD52AD12A6100E54675 /* Build configuration list for PBXNativeTarget "Seminar" */;
			buildPhases = (
				A4BC6FBD2AD12A5F00E54675 /* Sources */,
				A4BC6FBE2AD12A5F00E54675 /* Frameworks */,
				A4BC6FBF2AD12A5F00E54675 /* Resources */,
			);
			buildRules = (
			);
			dependencies = (
			);
			name = Seminar;
			packageProductDependencies = (
				A414CDA42AECCF6700182C40 /* SnapKit */,
				A414CDA72AECD01200182C40 /* Then */,
			);
			productName = Seminar;
			productReference = A4BC6FC12AD12A5F00E54675 /* Seminar.app */;
			productType = "com.apple.product-type.application";
		};
/* End PBXNativeTarget section */

/* Begin PBXProject section */
		A4BC6FB92AD12A5F00E54675 /* Project object */ = {
			isa = PBXProject;
			attributes = {
				BuildIndependentTargetsInParallel = 1;
				LastSwiftUpdateCheck = 1430;
				LastUpgradeCheck = 1430;
				TargetAttributes = {
					A4BC6FC02AD12A5F00E54675 = {
						CreatedOnToolsVersion = 14.3;
					};
				};
			};
			buildConfigurationList = A4BC6FBC2AD12A5F00E54675 /* Build configuration list for PBXProject "Seminar" */;
			compatibilityVersion = "Xcode 14.0";
			developmentRegion = en;
			hasScannedForEncodings = 0;
			knownRegions = (
				en,
				Base,
			);
			mainGroup = A4BC6FB82AD12A5F00E54675;
			packageReferences = (
				A414CDA32AECCF6700182C40 /* XCRemoteSwiftPackageReference "SnapKit" */,
				A414CDA62AECD01200182C40 /* XCRemoteSwiftPackageReference "Then" */,
			);
			productRefGroup = A4BC6FC22AD12A5F00E54675 /* Products */;
			projectDirPath = "";
			projectRoot = "";
			targets = (
				A4BC6FC02AD12A5F00E54675 /* Seminar */,
			);
		};
/* End PBXProject section */

/* Begin PBXResourcesBuildPhase section */
		A4BC6FBF2AD12A5F00E54675 /* Resources */ = {
			isa = PBXResourcesBuildPhase;
			buildActionMask = 2147483647;
			files = (
				A4BC6FD12AD12A6100E54675 /* LaunchScreen.storyboard in Resources */,
				A4BC6FCE2AD12A6100E54675 /* Assets.xcassets in Resources */,
				A4BC6FCC2AD12A5F00E54675 /* Main.storyboard in Resources */,
			);
			runOnlyForDeploymentPostprocessing = 0;
		};
/* End PBXResourcesBuildPhase section */

/* Begin PBXSourcesBuildPhase section */
		A4BC6FBD2AD12A5F00E54675 /* Sources */ = {
			isa = PBXSourcesBuildPhase;
			buildActionMask = 2147483647;
			files = (
				A4BC6FE02AD1389B00E54675 /* FirstViewController.swift in Sources */,
				A414CDB42AECF24800182C40 /* ImageCollectionData.swift in Sources */,
				A414CDAA2AECD98C00182C40 /* ItemListTableViewCell.swift in Sources */,
				A4BC6FC52AD12A5F00E54675 /* AppDelegate.swift in Sources */,
				A414CDA22AECCB1700182C40 /* ItemListViewController.swift in Sources */,
				A4BC6FC72AD12A5F00E54675 /* SceneDelegate.swift in Sources */,
				A4BC6FE22AD1411B00E54675 /* GetDataProtocol.swift in Sources */,
				A4BC6FDC2AD135F600E54675 /* ResultViewController.swift in Sources */,
				A414CDB02AECEF7800182C40 /* ImageViewController.swift in Sources */,
				A414CDB22AECEFEC00182C40 /* ImageCollectionViewCell.swift in Sources */,
				A414CDAC2AECE14700182C40 /* ItemListData.swift in Sources */,
			);
			runOnlyForDeploymentPostprocessing = 0;
		};
/* End PBXSourcesBuildPhase section */

/* Begin PBXVariantGroup section */
		A4BC6FCA2AD12A5F00E54675 /* Main.storyboard */ = {
			isa = PBXVariantGroup;
			children = (
				A4BC6FCB2AD12A5F00E54675 /* Base */,
			);
			name = Main.storyboard;
			sourceTree = "<group>";
		};
		A4BC6FCF2AD12A6100E54675 /* LaunchScreen.storyboard */ = {
			isa = PBXVariantGroup;
			children = (
				A4BC6FD02AD12A6100E54675 /* Base */,
			);
			name = LaunchScreen.storyboard;
			sourceTree = "<group>";
		};
/* End PBXVariantGroup section */

/* Begin XCBuildConfiguration section */
		A4BC6FD32AD12A6100E54675 /* Debug */ = {
			isa = XCBuildConfiguration;
			buildSettings = {
				ALWAYS_SEARCH_USER_PATHS = NO;
				CLANG_ANALYZER_NONNULL = YES;
				CLANG_ANALYZER_NUMBER_OBJECT_CONVERSION = YES_AGGRESSIVE;
				CLANG_CXX_LANGUAGE_STANDARD = "gnu++20";
				CLANG_ENABLE_MODULES = YES;
				CLANG_ENABLE_OBJC_ARC = YES;
				CLANG_ENABLE_OBJC_WEAK = YES;
				CLANG_WARN_BLOCK_CAPTURE_AUTORELEASING = YES;
				CLANG_WARN_BOOL_CONVERSION = YES;
				CLANG_WARN_COMMA = YES;
				CLANG_WARN_CONSTANT_CONVERSION = YES;
				CLANG_WARN_DEPRECATED_OBJC_IMPLEMENTATIONS = YES;
				CLANG_WARN_DIRECT_OBJC_ISA_USAGE = YES_ERROR;
				CLANG_WARN_DOCUMENTATION_COMMENTS = YES;
				CLANG_WARN_EMPTY_BODY = YES;
				CLANG_WARN_ENUM_CONVERSION = YES;
				CLANG_WARN_INFINITE_RECURSION = YES;
				CLANG_WARN_INT_CONVERSION = YES;
				CLANG_WARN_NON_LITERAL_NULL_CONVERSION = YES;
				CLANG_WARN_OBJC_IMPLICIT_RETAIN_SELF = YES;
				CLANG_WARN_OBJC_LITERAL_CONVERSION = YES;
				CLANG_WARN_OBJC_ROOT_CLASS = YES_ERROR;
				CLANG_WARN_QUOTED_INCLUDE_IN_FRAMEWORK_HEADER = YES;
				CLANG_WARN_RANGE_LOOP_ANALYSIS = YES;
				CLANG_WARN_STRICT_PROTOTYPES = YES;
				CLANG_WARN_SUSPICIOUS_MOVE = YES;
				CLANG_WARN_UNGUARDED_AVAILABILITY = YES_AGGRESSIVE;
				CLANG_WARN_UNREACHABLE_CODE = YES;
				CLANG_WARN__DUPLICATE_METHOD_MATCH = YES;
				COPY_PHASE_STRIP = NO;
				DEBUG_INFORMATION_FORMAT = dwarf;
				ENABLE_STRICT_OBJC_MSGSEND = YES;
				ENABLE_TESTABILITY = YES;
				GCC_C_LANGUAGE_STANDARD = gnu11;
				GCC_DYNAMIC_NO_PIC = NO;
				GCC_NO_COMMON_BLOCKS = YES;
				GCC_OPTIMIZATION_LEVEL = 0;
				GCC_PREPROCESSOR_DEFINITIONS = (
					"DEBUG=1",
					"$(inherited)",
				);
				GCC_WARN_64_TO_32_BIT_CONVERSION = YES;
				GCC_WARN_ABOUT_RETURN_TYPE = YES_ERROR;
				GCC_WARN_UNDECLARED_SELECTOR = YES;
				GCC_WARN_UNINITIALIZED_AUTOS = YES_AGGRESSIVE;
				GCC_WARN_UNUSED_FUNCTION = YES;
				GCC_WARN_UNUSED_VARIABLE = YES;
				IPHONEOS_DEPLOYMENT_TARGET = 16.4;
				MTL_ENABLE_DEBUG_INFO = INCLUDE_SOURCE;
				MTL_FAST_MATH = YES;
				ONLY_ACTIVE_ARCH = YES;
				SDKROOT = iphoneos;
				SWIFT_ACTIVE_COMPILATION_CONDITIONS = DEBUG;
				SWIFT_OPTIMIZATION_LEVEL = "-Onone";
			};
			name = Debug;
		};
		A4BC6FD42AD12A6100E54675 /* Release */ = {
			isa = XCBuildConfiguration;
			buildSettings = {
				ALWAYS_SEARCH_USER_PATHS = NO;
				CLANG_ANALYZER_NONNULL = YES;
				CLANG_ANALYZER_NUMBER_OBJECT_CONVERSION = YES_AGGRESSIVE;
				CLANG_CXX_LANGUAGE_STANDARD = "gnu++20";
				CLANG_ENABLE_MODULES = YES;
				CLANG_ENABLE_OBJC_ARC = YES;
				CLANG_ENABLE_OBJC_WEAK = YES;
				CLANG_WARN_BLOCK_CAPTURE_AUTORELEASING = YES;
				CLANG_WARN_BOOL_CONVERSION = YES;
				CLANG_WARN_COMMA = YES;
				CLANG_WARN_CONSTANT_CONVERSION = YES;
				CLANG_WARN_DEPRECATED_OBJC_IMPLEMENTATIONS = YES;
				CLANG_WARN_DIRECT_OBJC_ISA_USAGE = YES_ERROR;
				CLANG_WARN_DOCUMENTATION_COMMENTS = YES;
				CLANG_WARN_EMPTY_BODY = YES;
				CLANG_WARN_ENUM_CONVERSION = YES;
				CLANG_WARN_INFINITE_RECURSION = YES;
				CLANG_WARN_INT_CONVERSION = YES;
				CLANG_WARN_NON_LITERAL_NULL_CONVERSION = YES;
				CLANG_WARN_OBJC_IMPLICIT_RETAIN_SELF = YES;
				CLANG_WARN_OBJC_LITERAL_CONVERSION = YES;
				CLANG_WARN_OBJC_ROOT_CLASS = YES_ERROR;
				CLANG_WARN_QUOTED_INCLUDE_IN_FRAMEWORK_HEADER = YES;
				CLANG_WARN_RANGE_LOOP_ANALYSIS = YES;
				CLANG_WARN_STRICT_PROTOTYPES = YES;
				CLANG_WARN_SUSPICIOUS_MOVE = YES;
				CLANG_WARN_UNGUARDED_AVAILABILITY = YES_AGGRESSIVE;
				CLANG_WARN_UNREACHABLE_CODE = YES;
				CLANG_WARN__DUPLICATE_METHOD_MATCH = YES;
				COPY_PHASE_STRIP = NO;
				DEBUG_INFORMATION_FORMAT = "dwarf-with-dsym";
				ENABLE_NS_ASSERTIONS = NO;
				ENABLE_STRICT_OBJC_MSGSEND = YES;
				GCC_C_LANGUAGE_STANDARD = gnu11;
				GCC_NO_COMMON_BLOCKS = YES;
				GCC_WARN_64_TO_32_BIT_CONVERSION = YES;
				GCC_WARN_ABOUT_RETURN_TYPE = YES_ERROR;
				GCC_WARN_UNDECLARED_SELECTOR = YES;
				GCC_WARN_UNINITIALIZED_AUTOS = YES_AGGRESSIVE;
				GCC_WARN_UNUSED_FUNCTION = YES;
				GCC_WARN_UNUSED_VARIABLE = YES;
				IPHONEOS_DEPLOYMENT_TARGET = 16.4;
				MTL_ENABLE_DEBUG_INFO = NO;
				MTL_FAST_MATH = YES;
				SDKROOT = iphoneos;
				SWIFT_COMPILATION_MODE = wholemodule;
				SWIFT_OPTIMIZATION_LEVEL = "-O";
				VALIDATE_PRODUCT = YES;
			};
			name = Release;
		};
		A4BC6FD62AD12A6100E54675 /* Debug */ = {
			isa = XCBuildConfiguration;
			buildSettings = {
				ASSETCATALOG_COMPILER_APPICON_NAME = AppIcon;
				ASSETCATALOG_COMPILER_GLOBAL_ACCENT_COLOR_NAME = AccentColor;
				CODE_SIGN_STYLE = Automatic;
				CURRENT_PROJECT_VERSION = 1;
				DEVELOPMENT_TEAM = XGXWL95BMU;
				GENERATE_INFOPLIST_FILE = YES;
				INFOPLIST_FILE = Seminar/Info.plist;
				INFOPLIST_KEY_UIApplicationSupportsIndirectInputEvents = YES;
				INFOPLIST_KEY_UILaunchStoryboardName = LaunchScreen;
				INFOPLIST_KEY_UIMainStoryboardFile = Main;
				INFOPLIST_KEY_UISupportedInterfaceOrientations_iPad = "UIInterfaceOrientationPortrait UIInterfaceOrientationPortraitUpsideDown UIInterfaceOrientationLandscapeLeft UIInterfaceOrientationLandscapeRight";
				INFOPLIST_KEY_UISupportedInterfaceOrientations_iPhone = "UIInterfaceOrientationPortrait UIInterfaceOrientationLandscapeLeft UIInterfaceOrientationLandscapeRight";
				LD_RUNPATH_SEARCH_PATHS = (
					"$(inherited)",
					"@executable_path/Frameworks",
				);
				MARKETING_VERSION = 1.0;
				PRODUCT_BUNDLE_IDENTIFIER = ahra.Seminar;
				PRODUCT_NAME = "$(TARGET_NAME)";
				SWIFT_EMIT_LOC_STRINGS = YES;
				SWIFT_VERSION = 5.0;
				TARGETED_DEVICE_FAMILY = "1,2";
			};
			name = Debug;
		};
		A4BC6FD72AD12A6100E54675 /* Release */ = {
			isa = XCBuildConfiguration;
			buildSettings = {
				ASSETCATALOG_COMPILER_APPICON_NAME = AppIcon;
				ASSETCATALOG_COMPILER_GLOBAL_ACCENT_COLOR_NAME = AccentColor;
				CODE_SIGN_STYLE = Automatic;
				CURRENT_PROJECT_VERSION = 1;
				DEVELOPMENT_TEAM = XGXWL95BMU;
				GENERATE_INFOPLIST_FILE = YES;
				INFOPLIST_FILE = Seminar/Info.plist;
				INFOPLIST_KEY_UIApplicationSupportsIndirectInputEvents = YES;
				INFOPLIST_KEY_UILaunchStoryboardName = LaunchScreen;
				INFOPLIST_KEY_UIMainStoryboardFile = Main;
				INFOPLIST_KEY_UISupportedInterfaceOrientations_iPad = "UIInterfaceOrientationPortrait UIInterfaceOrientationPortraitUpsideDown UIInterfaceOrientationLandscapeLeft UIInterfaceOrientationLandscapeRight";
				INFOPLIST_KEY_UISupportedInterfaceOrientations_iPhone = "UIInterfaceOrientationPortrait UIInterfaceOrientationLandscapeLeft UIInterfaceOrientationLandscapeRight";
				LD_RUNPATH_SEARCH_PATHS = (
					"$(inherited)",
					"@executable_path/Frameworks",
				);
				MARKETING_VERSION = 1.0;
				PRODUCT_BUNDLE_IDENTIFIER = ahra.Seminar;
				PRODUCT_NAME = "$(TARGET_NAME)";
				SWIFT_EMIT_LOC_STRINGS = YES;
				SWIFT_VERSION = 5.0;
				TARGETED_DEVICE_FAMILY = "1,2";
			};
			name = Release;
		};
/* End XCBuildConfiguration section */

/* Begin XCConfigurationList section */
		A4BC6FBC2AD12A5F00E54675 /* Build configuration list for PBXProject "Seminar" */ = {
			isa = XCConfigurationList;
			buildConfigurations = (
				A4BC6FD32AD12A6100E54675 /* Debug */,
				A4BC6FD42AD12A6100E54675 /* Release */,
			);
			defaultConfigurationIsVisible = 0;
			defaultConfigurationName = Release;
		};
		A4BC6FD52AD12A6100E54675 /* Build configuration list for PBXNativeTarget "Seminar" */ = {
			isa = XCConfigurationList;
			buildConfigurations = (
				A4BC6FD62AD12A6100E54675 /* Debug */,
				A4BC6FD72AD12A6100E54675 /* Release */,
			);
			defaultConfigurationIsVisible = 0;
			defaultConfigurationName = Release;
		};
/* End XCConfigurationList section */

/* Begin XCRemoteSwiftPackageReference section */
		A414CDA32AECCF6700182C40 /* XCRemoteSwiftPackageReference "SnapKit" */ = {
			isa = XCRemoteSwiftPackageReference;
			repositoryURL = "https://github.com/SnapKit/SnapKit.git";
			requirement = {
				kind = upToNextMajorVersion;
				minimumVersion = 5.0.0;
			};
		};
		A414CDA62AECD01200182C40 /* XCRemoteSwiftPackageReference "Then" */ = {
			isa = XCRemoteSwiftPackageReference;
			repositoryURL = "https://github.com/devxoul/Then.git";
			requirement = {
				kind = upToNextMajorVersion;
				minimumVersion = 3.0.0;
			};
		};
/* End XCRemoteSwiftPackageReference section */

/* Begin XCSwiftPackageProductDependency section */
		A414CDA42AECCF6700182C40 /* SnapKit */ = {
			isa = XCSwiftPackageProductDependency;
			package = A414CDA32AECCF6700182C40 /* XCRemoteSwiftPackageReference "SnapKit" */;
			productName = SnapKit;
		};
		A414CDA72AECD01200182C40 /* Then */ = {
			isa = XCSwiftPackageProductDependency;
			package = A414CDA62AECD01200182C40 /* XCRemoteSwiftPackageReference "Then" */;
			productName = Then;
		};
/* End XCSwiftPackageProductDependency section */
	};
	rootObject = A4BC6FB92AD12A5F00E54675 /* Project object */;
}
